// !$*UTF8*$!
{
	archiveVersion = 1;
	classes = {
	};
	objectVersion = 46;
	objects = {

/* Begin PBXBuildFile section */
		35D5BAFF18D70C24006D55FA /* Foundation.framework in Frameworks */ = {isa = PBXBuildFile; fileRef = 35D5BAFE18D70C24006D55FA /* Foundation.framework */; };
		35D5BB0118D70C24006D55FA /* CoreGraphics.framework in Frameworks */ = {isa = PBXBuildFile; fileRef = 35D5BB0018D70C24006D55FA /* CoreGraphics.framework */; };
		35D5BB0318D70C24006D55FA /* UIKit.framework in Frameworks */ = {isa = PBXBuildFile; fileRef = 35D5BB0218D70C24006D55FA /* UIKit.framework */; };
		35D5BB0918D70C24006D55FA /* InfoPlist.strings in Resources */ = {isa = PBXBuildFile; fileRef = 35D5BB0718D70C24006D55FA /* InfoPlist.strings */; };
		35D5BB0B18D70C24006D55FA /* main.m in Sources */ = {isa = PBXBuildFile; fileRef = 35D5BB0A18D70C24006D55FA /* main.m */; };
		35D5BB0F18D70C25006D55FA /* LSDAppDelegate.m in Sources */ = {isa = PBXBuildFile; fileRef = 35D5BB0E18D70C25006D55FA /* LSDAppDelegate.m */; };
		35D5BB1218D70C25006D55FA /* Main.storyboard in Resources */ = {isa = PBXBuildFile; fileRef = 35D5BB1018D70C25006D55FA /* Main.storyboard */; };
		35D5BB1518D70C25006D55FA /* LSDViewController.m in Sources */ = {isa = PBXBuildFile; fileRef = 35D5BB1418D70C25006D55FA /* LSDViewController.m */; };
		35D5BB1718D70C25006D55FA /* Images.xcassets in Resources */ = {isa = PBXBuildFile; fileRef = 35D5BB1618D70C25006D55FA /* Images.xcassets */; };
		35D5BB1E18D70C25006D55FA /* XCTest.framework in Frameworks */ = {isa = PBXBuildFile; fileRef = 35D5BB1D18D70C25006D55FA /* XCTest.framework */; };
		35D5BB1F18D70C25006D55FA /* Foundation.framework in Frameworks */ = {isa = PBXBuildFile; fileRef = 35D5BAFE18D70C24006D55FA /* Foundation.framework */; };
		35D5BB2018D70C25006D55FA /* UIKit.framework in Frameworks */ = {isa = PBXBuildFile; fileRef = 35D5BB0218D70C24006D55FA /* UIKit.framework */; };
		35D5BB2818D70C25006D55FA /* InfoPlist.strings in Resources */ = {isa = PBXBuildFile; fileRef = 35D5BB2618D70C25006D55FA /* InfoPlist.strings */; };
		35D5BB2A18D70C25006D55FA /* ModelFetchResultsTestTests.m in Sources */ = {isa = PBXBuildFile; fileRef = 35D5BB2918D70C25006D55FA /* ModelFetchResultsTestTests.m */; };
		35D5BB3518D70CA2006D55FA /* LSDCell.m in Sources */ = {isa = PBXBuildFile; fileRef = 35D5BB3418D70CA2006D55FA /* LSDCell.m */; };
		35D5BB3918D70D47006D55FA /* LSDCollectionViewAdapter.m in Sources */ = {isa = PBXBuildFile; fileRef = 35D5BB3818D70D47006D55FA /* LSDCollectionViewAdapter.m */; };
		35D5BB3C18D70D9D006D55FA /* LSDModelAwareObject.m in Sources */ = {isa = PBXBuildFile; fileRef = 35D5BB3B18D70D9D006D55FA /* LSDModelAwareObject.m */; };
		35D5BB3F18D70FC5006D55FA /* LSDCollectionPresentation.m in Sources */ = {isa = PBXBuildFile; fileRef = 35D5BB3E18D70FC5006D55FA /* LSDCollectionPresentation.m */; };
		35D5BB4218D712D4006D55FA /* LSDCollectionChangeSet.m in Sources */ = {isa = PBXBuildFile; fileRef = 35D5BB4118D712D3006D55FA /* LSDCollectionChangeSet.m */; };
		35D5BB4518D71679006D55FA /* LSDCollectionSection.m in Sources */ = {isa = PBXBuildFile; fileRef = 35D5BB4418D71679006D55FA /* LSDCollectionSection.m */; };
		35D5BB4818D729A1006D55FA /* SampleItem.m in Sources */ = {isa = PBXBuildFile; fileRef = 35D5BB4718D729A1006D55FA /* SampleItem.m */; };
		35D5BB4B18D72B2A006D55FA /* SampleRepository.m in Sources */ = {isa = PBXBuildFile; fileRef = 35D5BB4A18D72B2A006D55FA /* SampleRepository.m */; };
		35D5BB4E18D74243006D55FA /* SampleHeader.m in Sources */ = {isa = PBXBuildFile; fileRef = 35D5BB4D18D74243006D55FA /* SampleHeader.m */; };
		35D5BB5118D77FF6006D55FA /* ATScheduling.m in Sources */ = {isa = PBXBuildFile; fileRef = 35D5BB5018D77FF6006D55FA /* ATScheduling.m */; };
/* End PBXBuildFile section */

/* Begin PBXContainerItemProxy section */
		35D5BB2118D70C25006D55FA /* PBXContainerItemProxy */ = {
			isa = PBXContainerItemProxy;
			containerPortal = 35D5BAF318D70C24006D55FA /* Project object */;
			proxyType = 1;
			remoteGlobalIDString = 35D5BAFA18D70C24006D55FA;
			remoteInfo = ModelFetchResultsTest;
		};
/* End PBXContainerItemProxy section */

/* Begin PBXFileReference section */
		35D5BAFB18D70C24006D55FA /* ModelFetchResultsTest.app */ = {isa = PBXFileReference; explicitFileType = wrapper.application; includeInIndex = 0; path = ModelFetchResultsTest.app; sourceTree = BUILT_PRODUCTS_DIR; };
		35D5BAFE18D70C24006D55FA /* Foundation.framework */ = {isa = PBXFileReference; lastKnownFileType = wrapper.framework; name = Foundation.framework; path = System/Library/Frameworks/Foundation.framework; sourceTree = SDKROOT; };
		35D5BB0018D70C24006D55FA /* CoreGraphics.framework */ = {isa = PBXFileReference; lastKnownFileType = wrapper.framework; name = CoreGraphics.framework; path = System/Library/Frameworks/CoreGraphics.framework; sourceTree = SDKROOT; };
		35D5BB0218D70C24006D55FA /* UIKit.framework */ = {isa = PBXFileReference; lastKnownFileType = wrapper.framework; name = UIKit.framework; path = System/Library/Frameworks/UIKit.framework; sourceTree = SDKROOT; };
		35D5BB0618D70C24006D55FA /* ModelFetchResultsTest-Info.plist */ = {isa = PBXFileReference; lastKnownFileType = text.plist.xml; path = "ModelFetchResultsTest-Info.plist"; sourceTree = "<group>"; };
		35D5BB0818D70C24006D55FA /* en */ = {isa = PBXFileReference; lastKnownFileType = text.plist.strings; name = en; path = en.lproj/InfoPlist.strings; sourceTree = "<group>"; };
		35D5BB0A18D70C24006D55FA /* main.m */ = {isa = PBXFileReference; lastKnownFileType = sourcecode.c.objc; path = main.m; sourceTree = "<group>"; };
		35D5BB0C18D70C24006D55FA /* ModelFetchResultsTest-Prefix.pch */ = {isa = PBXFileReference; lastKnownFileType = sourcecode.c.h; path = "ModelFetchResultsTest-Prefix.pch"; sourceTree = "<group>"; };
		35D5BB0D18D70C24006D55FA /* LSDAppDelegate.h */ = {isa = PBXFileReference; lastKnownFileType = sourcecode.c.h; path = LSDAppDelegate.h; sourceTree = "<group>"; };
		35D5BB0E18D70C25006D55FA /* LSDAppDelegate.m */ = {isa = PBXFileReference; lastKnownFileType = sourcecode.c.objc; path = LSDAppDelegate.m; sourceTree = "<group>"; };
		35D5BB1118D70C25006D55FA /* Base */ = {isa = PBXFileReference; lastKnownFileType = file.storyboard; name = Base; path = Base.lproj/Main.storyboard; sourceTree = "<group>"; };
		35D5BB1318D70C25006D55FA /* LSDViewController.h */ = {isa = PBXFileReference; lastKnownFileType = sourcecode.c.h; path = LSDViewController.h; sourceTree = "<group>"; };
		35D5BB1418D70C25006D55FA /* LSDViewController.m */ = {isa = PBXFileReference; lastKnownFileType = sourcecode.c.objc; path = LSDViewController.m; sourceTree = "<group>"; };
		35D5BB1618D70C25006D55FA /* Images.xcassets */ = {isa = PBXFileReference; lastKnownFileType = folder.assetcatalog; path = Images.xcassets; sourceTree = "<group>"; };
		35D5BB1C18D70C25006D55FA /* ModelFetchResultsTestTests.xctest */ = {isa = PBXFileReference; explicitFileType = wrapper.cfbundle; includeInIndex = 0; path = ModelFetchResultsTestTests.xctest; sourceTree = BUILT_PRODUCTS_DIR; };
		35D5BB1D18D70C25006D55FA /* XCTest.framework */ = {isa = PBXFileReference; lastKnownFileType = wrapper.framework; name = XCTest.framework; path = Library/Frameworks/XCTest.framework; sourceTree = DEVELOPER_DIR; };
		35D5BB2518D70C25006D55FA /* ModelFetchResultsTestTests-Info.plist */ = {isa = PBXFileReference; lastKnownFileType = text.plist.xml; path = "ModelFetchResultsTestTests-Info.plist"; sourceTree = "<group>"; };
		35D5BB2718D70C25006D55FA /* en */ = {isa = PBXFileReference; lastKnownFileType = text.plist.strings; name = en; path = en.lproj/InfoPlist.strings; sourceTree = "<group>"; };
		35D5BB2918D70C25006D55FA /* ModelFetchResultsTestTests.m */ = {isa = PBXFileReference; lastKnownFileType = sourcecode.c.objc; path = ModelFetchResultsTestTests.m; sourceTree = "<group>"; };
		35D5BB3318D70CA2006D55FA /* LSDCell.h */ = {isa = PBXFileReference; fileEncoding = 4; lastKnownFileType = sourcecode.c.h; path = LSDCell.h; sourceTree = "<group>"; };
		35D5BB3418D70CA2006D55FA /* LSDCell.m */ = {isa = PBXFileReference; fileEncoding = 4; lastKnownFileType = sourcecode.c.objc; path = LSDCell.m; sourceTree = "<group>"; };
		35D5BB3718D70D47006D55FA /* LSDCollectionViewAdapter.h */ = {isa = PBXFileReference; fileEncoding = 4; lastKnownFileType = sourcecode.c.h; path = LSDCollectionViewAdapter.h; sourceTree = "<group>"; };
		35D5BB3818D70D47006D55FA /* LSDCollectionViewAdapter.m */ = {isa = PBXFileReference; fileEncoding = 4; lastKnownFileType = sourcecode.c.objc; path = LSDCollectionViewAdapter.m; sourceTree = "<group>"; };
		35D5BB3A18D70D9D006D55FA /* LSDModelAwareObject.h */ = {isa = PBXFileReference; fileEncoding = 4; lastKnownFileType = sourcecode.c.h; path = LSDModelAwareObject.h; sourceTree = "<group>"; };
		35D5BB3B18D70D9D006D55FA /* LSDModelAwareObject.m */ = {isa = PBXFileReference; fileEncoding = 4; lastKnownFileType = sourcecode.c.objc; path = LSDModelAwareObject.m; sourceTree = "<group>"; };
		35D5BB3D18D70FC5006D55FA /* LSDCollectionPresentation.h */ = {isa = PBXFileReference; fileEncoding = 4; lastKnownFileType = sourcecode.c.h; path = LSDCollectionPresentation.h; sourceTree = "<group>"; };
		35D5BB3E18D70FC5006D55FA /* LSDCollectionPresentation.m */ = {isa = PBXFileReference; fileEncoding = 4; lastKnownFileType = sourcecode.c.objc; path = LSDCollectionPresentation.m; sourceTree = "<group>"; };
		35D5BB4018D712D3006D55FA /* LSDCollectionChangeSet.h */ = {isa = PBXFileReference; fileEncoding = 4; lastKnownFileType = sourcecode.c.h; path = LSDCollectionChangeSet.h; sourceTree = "<group>"; };
		35D5BB4118D712D3006D55FA /* LSDCollectionChangeSet.m */ = {isa = PBXFileReference; fileEncoding = 4; lastKnownFileType = sourcecode.c.objc; path = LSDCollectionChangeSet.m; sourceTree = "<group>"; };
		35D5BB4318D71679006D55FA /* LSDCollectionSection.h */ = {isa = PBXFileReference; fileEncoding = 4; lastKnownFileType = sourcecode.c.h; path = LSDCollectionSection.h; sourceTree = "<group>"; };
		35D5BB4418D71679006D55FA /* LSDCollectionSection.m */ = {isa = PBXFileReference; fileEncoding = 4; lastKnownFileType = sourcecode.c.objc; path = LSDCollectionSection.m; sourceTree = "<group>"; };
		35D5BB4618D729A1006D55FA /* SampleItem.h */ = {isa = PBXFileReference; fileEncoding = 4; lastKnownFileType = sourcecode.c.h; path = SampleItem.h; sourceTree = "<group>"; };
		35D5BB4718D729A1006D55FA /* SampleItem.m */ = {isa = PBXFileReference; fileEncoding = 4; lastKnownFileType = sourcecode.c.objc; path = SampleItem.m; sourceTree = "<group>"; };
		35D5BB4918D72B2A006D55FA /* SampleRepository.h */ = {isa = PBXFileReference; fileEncoding = 4; lastKnownFileType = sourcecode.c.h; path = SampleRepository.h; sourceTree = "<group>"; };
		35D5BB4A18D72B2A006D55FA /* SampleRepository.m */ = {isa = PBXFileReference; fileEncoding = 4; lastKnownFileType = sourcecode.c.objc; path = SampleRepository.m; sourceTree = "<group>"; };
		35D5BB4C18D74243006D55FA /* SampleHeader.h */ = {isa = PBXFileReference; fileEncoding = 4; lastKnownFileType = sourcecode.c.h; path = SampleHeader.h; sourceTree = "<group>"; };
		35D5BB4D18D74243006D55FA /* SampleHeader.m */ = {isa = PBXFileReference; fileEncoding = 4; lastKnownFileType = sourcecode.c.objc; path = SampleHeader.m; sourceTree = "<group>"; };
		35D5BB4F18D77FF6006D55FA /* ATScheduling.h */ = {isa = PBXFileReference; fileEncoding = 4; lastKnownFileType = sourcecode.c.h; path = ATScheduling.h; sourceTree = "<group>"; };
		35D5BB5018D77FF6006D55FA /* ATScheduling.m */ = {isa = PBXFileReference; fileEncoding = 4; lastKnownFileType = sourcecode.c.objc; path = ATScheduling.m; sourceTree = "<group>"; };
/* End PBXFileReference section */

/* Begin PBXFrameworksBuildPhase section */
		35D5BAF818D70C24006D55FA /* Frameworks */ = {
			isa = PBXFrameworksBuildPhase;
			buildActionMask = 2147483647;
			files = (
				35D5BB0118D70C24006D55FA /* CoreGraphics.framework in Frameworks */,
				35D5BB0318D70C24006D55FA /* UIKit.framework in Frameworks */,
				35D5BAFF18D70C24006D55FA /* Foundation.framework in Frameworks */,
			);
			runOnlyForDeploymentPostprocessing = 0;
		};
		35D5BB1918D70C25006D55FA /* Frameworks */ = {
			isa = PBXFrameworksBuildPhase;
			buildActionMask = 2147483647;
			files = (
				35D5BB1E18D70C25006D55FA /* XCTest.framework in Frameworks */,
				35D5BB2018D70C25006D55FA /* UIKit.framework in Frameworks */,
				35D5BB1F18D70C25006D55FA /* Foundation.framework in Frameworks */,
			);
			runOnlyForDeploymentPostprocessing = 0;
		};
/* End PBXFrameworksBuildPhase section */

/* Begin PBXGroup section */
		35D5BAF218D70C24006D55FA = {
			isa = PBXGroup;
			children = (
				35D5BB0418D70C24006D55FA /* ModelFetchResultsTest */,
				35D5BB3618D70D1D006D55FA /* LSDInspiredCollectionViews */,
				35D5BB2318D70C25006D55FA /* ModelFetchResultsTestTests */,
				35D5BAFD18D70C24006D55FA /* Frameworks */,
				35D5BAFC18D70C24006D55FA /* Products */,
			);
			sourceTree = "<group>";
		};
		35D5BAFC18D70C24006D55FA /* Products */ = {
			isa = PBXGroup;
			children = (
				35D5BAFB18D70C24006D55FA /* ModelFetchResultsTest.app */,
				35D5BB1C18D70C25006D55FA /* ModelFetchResultsTestTests.xctest */,
			);
			name = Products;
			sourceTree = "<group>";
		};
		35D5BAFD18D70C24006D55FA /* Frameworks */ = {
			isa = PBXGroup;
			children = (
				35D5BAFE18D70C24006D55FA /* Foundation.framework */,
				35D5BB0018D70C24006D55FA /* CoreGraphics.framework */,
				35D5BB0218D70C24006D55FA /* UIKit.framework */,
				35D5BB1D18D70C25006D55FA /* XCTest.framework */,
			);
			name = Frameworks;
			sourceTree = "<group>";
		};
		35D5BB0418D70C24006D55FA /* ModelFetchResultsTest */ = {
			isa = PBXGroup;
			children = (
				35D5BB0D18D70C24006D55FA /* LSDAppDelegate.h */,
				35D5BB0E18D70C25006D55FA /* LSDAppDelegate.m */,
				35D5BB1018D70C25006D55FA /* Main.storyboard */,
				35D5BB1318D70C25006D55FA /* LSDViewController.h */,
				35D5BB1418D70C25006D55FA /* LSDViewController.m */,
				35D5BB1618D70C25006D55FA /* Images.xcassets */,
				35D5BB0518D70C24006D55FA /* Supporting Files */,
				35D5BB3318D70CA2006D55FA /* LSDCell.h */,
				35D5BB3418D70CA2006D55FA /* LSDCell.m */,
				35D5BB4618D729A1006D55FA /* SampleItem.h */,
				35D5BB4718D729A1006D55FA /* SampleItem.m */,
				35D5BB4918D72B2A006D55FA /* SampleRepository.h */,
				35D5BB4A18D72B2A006D55FA /* SampleRepository.m */,
				35D5BB4C18D74243006D55FA /* SampleHeader.h */,
				35D5BB4D18D74243006D55FA /* SampleHeader.m */,
			);
			path = ModelFetchResultsTest;
			sourceTree = "<group>";
		};
		35D5BB0518D70C24006D55FA /* Supporting Files */ = {
			isa = PBXGroup;
			children = (
				35D5BB0618D70C24006D55FA /* ModelFetchResultsTest-Info.plist */,
				35D5BB0718D70C24006D55FA /* InfoPlist.strings */,
				35D5BB0A18D70C24006D55FA /* main.m */,
				35D5BB0C18D70C24006D55FA /* ModelFetchResultsTest-Prefix.pch */,
			);
			name = "Supporting Files";
			sourceTree = "<group>";
		};
		35D5BB2318D70C25006D55FA /* ModelFetchResultsTestTests */ = {
			isa = PBXGroup;
			children = (
				35D5BB2918D70C25006D55FA /* ModelFetchResultsTestTests.m */,
				35D5BB2418D70C25006D55FA /* Supporting Files */,
			);
			path = ModelFetchResultsTestTests;
			sourceTree = "<group>";
		};
		35D5BB2418D70C25006D55FA /* Supporting Files */ = {
			isa = PBXGroup;
			children = (
				35D5BB2518D70C25006D55FA /* ModelFetchResultsTestTests-Info.plist */,
				35D5BB2618D70C25006D55FA /* InfoPlist.strings */,
			);
			name = "Supporting Files";
			sourceTree = "<group>";
		};
		35D5BB3618D70D1D006D55FA /* LSDInspiredCollectionViews */ = {
			isa = PBXGroup;
			children = (
				35D5BB3718D70D47006D55FA /* LSDCollectionViewAdapter.h */,
				35D5BB3818D70D47006D55FA /* LSDCollectionViewAdapter.m */,
				35D5BB3A18D70D9D006D55FA /* LSDModelAwareObject.h */,
				35D5BB3B18D70D9D006D55FA /* LSDModelAwareObject.m */,
				35D5BB3D18D70FC5006D55FA /* LSDCollectionPresentation.h */,
				35D5BB3E18D70FC5006D55FA /* LSDCollectionPresentation.m */,
				35D5BB4018D712D3006D55FA /* LSDCollectionChangeSet.h */,
				35D5BB4118D712D3006D55FA /* LSDCollectionChangeSet.m */,
				35D5BB4318D71679006D55FA /* LSDCollectionSection.h */,
				35D5BB4418D71679006D55FA /* LSDCollectionSection.m */,
				35D5BB4F18D77FF6006D55FA /* ATScheduling.h */,
				35D5BB5018D77FF6006D55FA /* ATScheduling.m */,
			);
			path = LSDInspiredCollectionViews;
			sourceTree = "<group>";
		};
/* End PBXGroup section */

/* Begin PBXNativeTarget section */
		35D5BAFA18D70C24006D55FA /* ModelFetchResultsTest */ = {
			isa = PBXNativeTarget;
			buildConfigurationList = 35D5BB2D18D70C25006D55FA /* Build configuration list for PBXNativeTarget "ModelFetchResultsTest" */;
			buildPhases = (
				35D5BAF718D70C24006D55FA /* Sources */,
				35D5BAF818D70C24006D55FA /* Frameworks */,
				35D5BAF918D70C24006D55FA /* Resources */,
			);
			buildRules = (
			);
			dependencies = (
			);
			name = ModelFetchResultsTest;
			productName = ModelFetchResultsTest;
			productReference = 35D5BAFB18D70C24006D55FA /* ModelFetchResultsTest.app */;
			productType = "com.apple.product-type.application";
		};
		35D5BB1B18D70C25006D55FA /* ModelFetchResultsTestTests */ = {
			isa = PBXNativeTarget;
			buildConfigurationList = 35D5BB3018D70C25006D55FA /* Build configuration list for PBXNativeTarget "ModelFetchResultsTestTests" */;
			buildPhases = (
				35D5BB1818D70C25006D55FA /* Sources */,
				35D5BB1918D70C25006D55FA /* Frameworks */,
				35D5BB1A18D70C25006D55FA /* Resources */,
			);
			buildRules = (
			);
			dependencies = (
				35D5BB2218D70C25006D55FA /* PBXTargetDependency */,
			);
			name = ModelFetchResultsTestTests;
			productName = ModelFetchResultsTestTests;
			productReference = 35D5BB1C18D70C25006D55FA /* ModelFetchResultsTestTests.xctest */;
			productType = "com.apple.product-type.bundle.unit-test";
		};
/* End PBXNativeTarget section */

/* Begin PBXProject section */
		35D5BAF318D70C24006D55FA /* Project object */ = {
			isa = PBXProject;
			attributes = {
				CLASSPREFIX = LSD;
				LastUpgradeCheck = 0510;
				ORGANIZATIONNAME = "Leonty Deriglazov";
				TargetAttributes = {
					35D5BB1B18D70C25006D55FA = {
						TestTargetID = 35D5BAFA18D70C24006D55FA;
					};
				};
			};
			buildConfigurationList = 35D5BAF618D70C24006D55FA /* Build configuration list for PBXProject "ModelFetchResultsTest" */;
			compatibilityVersion = "Xcode 3.2";
			developmentRegion = English;
			hasScannedForEncodings = 0;
			knownRegions = (
				en,
				Base,
			);
			mainGroup = 35D5BAF218D70C24006D55FA;
			productRefGroup = 35D5BAFC18D70C24006D55FA /* Products */;
			projectDirPath = "";
			projectRoot = "";
			targets = (
				35D5BAFA18D70C24006D55FA /* ModelFetchResultsTest */,
				35D5BB1B18D70C25006D55FA /* ModelFetchResultsTestTests */,
			);
		};
/* End PBXProject section */

/* Begin PBXResourcesBuildPhase section */
		35D5BAF918D70C24006D55FA /* Resources */ = {
			isa = PBXResourcesBuildPhase;
			buildActionMask = 2147483647;
			files = (
				35D5BB1718D70C25006D55FA /* Images.xcassets in Resources */,
				35D5BB0918D70C24006D55FA /* InfoPlist.strings in Resources */,
				35D5BB1218D70C25006D55FA /* Main.storyboard in Resources */,
			);
			runOnlyForDeploymentPostprocessing = 0;
		};
		35D5BB1A18D70C25006D55FA /* Resources */ = {
			isa = PBXResourcesBuildPhase;
			buildActionMask = 2147483647;
			files = (
				35D5BB2818D70C25006D55FA /* InfoPlist.strings in Resources */,
			);
			runOnlyForDeploymentPostprocessing = 0;
		};
/* End PBXResourcesBuildPhase section */

/* Begin PBXSourcesBuildPhase section */
		35D5BAF718D70C24006D55FA /* Sources */ = {
			isa = PBXSourcesBuildPhase;
			buildActionMask = 2147483647;
			files = (
				35D5BB4E18D74243006D55FA /* SampleHeader.m in Sources */,
				35D5BB4818D729A1006D55FA /* SampleItem.m in Sources */,
				35D5BB4B18D72B2A006D55FA /* SampleRepository.m in Sources */,
				35D5BB0F18D70C25006D55FA /* LSDAppDelegate.m in Sources */,
				35D5BB0B18D70C24006D55FA /* main.m in Sources */,
				35D5BB3F18D70FC5006D55FA /* LSDCollectionPresentation.m in Sources */,
				35D5BB4518D71679006D55FA /* LSDCollectionSection.m in Sources */,
				35D5BB4218D712D4006D55FA /* LSDCollectionChangeSet.m in Sources */,
				35D5BB3918D70D47006D55FA /* LSDCollectionViewAdapter.m in Sources */,
				35D5BB5118D77FF6006D55FA /* ATScheduling.m in Sources */,
				35D5BB1518D70C25006D55FA /* LSDViewController.m in Sources */,
				35D5BB3C18D70D9D006D55FA /* LSDModelAwareObject.m in Sources */,
				35D5BB3518D70CA2006D55FA /* LSDCell.m in Sources */,
			);
			runOnlyForDeploymentPostprocessing = 0;
		};
		35D5BB1818D70C25006D55FA /* Sources */ = {
			isa = PBXSourcesBuildPhase;
			buildActionMask = 2147483647;
			files = (
				35D5BB2A18D70C25006D55FA /* ModelFetchResultsTestTests.m in Sources */,
			);
			runOnlyForDeploymentPostprocessing = 0;
		};
/* End PBXSourcesBuildPhase section */

/* Begin PBXTargetDependency section */
		35D5BB2218D70C25006D55FA /* PBXTargetDependency */ = {
			isa = PBXTargetDependency;
			target = 35D5BAFA18D70C24006D55FA /* ModelFetchResultsTest */;
			targetProxy = 35D5BB2118D70C25006D55FA /* PBXContainerItemProxy */;
		};
/* End PBXTargetDependency section */

/* Begin PBXVariantGroup section */
		35D5BB0718D70C24006D55FA /* InfoPlist.strings */ = {
			isa = PBXVariantGroup;
			children = (
				35D5BB0818D70C24006D55FA /* en */,
			);
			name = InfoPlist.strings;
			sourceTree = "<group>";
		};
		35D5BB1018D70C25006D55FA /* Main.storyboard */ = {
			isa = PBXVariantGroup;
			children = (
				35D5BB1118D70C25006D55FA /* Base */,
			);
			name = Main.storyboard;
			sourceTree = "<group>";
		};
		35D5BB2618D70C25006D55FA /* InfoPlist.strings */ = {
			isa = PBXVariantGroup;
			children = (
				35D5BB2718D70C25006D55FA /* en */,
			);
			name = InfoPlist.strings;
			sourceTree = "<group>";
		};
/* End PBXVariantGroup section */

/* Begin XCBuildConfiguration section */
		35D5BB2B18D70C25006D55FA /* Debug */ = {
			isa = XCBuildConfiguration;
			buildSettings = {
				ALWAYS_SEARCH_USER_PATHS = NO;
				CLANG_CXX_LANGUAGE_STANDARD = "gnu++0x";
				CLANG_CXX_LIBRARY = "libc++";
				CLANG_ENABLE_MODULES = YES;
				CLANG_ENABLE_OBJC_ARC = YES;
				CLANG_WARN_BOOL_CONVERSION = YES;
				CLANG_WARN_CONSTANT_CONVERSION = YES;
				CLANG_WARN_DIRECT_OBJC_ISA_USAGE = YES_ERROR;
				CLANG_WARN_EMPTY_BODY = YES;
				CLANG_WARN_ENUM_CONVERSION = YES;
				CLANG_WARN_INT_CONVERSION = YES;
				CLANG_WARN_OBJC_ROOT_CLASS = YES_ERROR;
				CLANG_WARN__DUPLICATE_METHOD_MATCH = YES;
				"CODE_SIGN_IDENTITY[sdk=iphoneos*]" = "iPhone Developer";
				COPY_PHASE_STRIP = NO;
				GCC_C_LANGUAGE_STANDARD = gnu99;
				GCC_DYNAMIC_NO_PIC = NO;
				GCC_OPTIMIZATION_LEVEL = 0;
				GCC_PREPROCESSOR_DEFINITIONS = (
					"DEBUG=1",
					"$(inherited)",
				);
				GCC_SYMBOLS_PRIVATE_EXTERN = NO;
				GCC_WARN_64_TO_32_BIT_CONVERSION = YES;
				GCC_WARN_ABOUT_RETURN_TYPE = YES_ERROR;
				GCC_WARN_UNDECLARED_SELECTOR = YES;
				GCC_WARN_UNINITIALIZED_AUTOS = YES_AGGRESSIVE;
				GCC_WARN_UNUSED_FUNCTION = YES;
				GCC_WARN_UNUSED_VARIABLE = YES;
				IPHONEOS_DEPLOYMENT_TARGET = 7.1;
				ONLY_ACTIVE_ARCH = YES;
				SDKROOT = iphoneos;
			};
			name = Debug;
		};
		35D5BB2C18D70C25006D55FA /* Release */ = {
			isa = XCBuildConfiguration;
			buildSettings = {
				ALWAYS_SEARCH_USER_PATHS = NO;
				CLANG_CXX_LANGUAGE_STANDARD = "gnu++0x";
				CLANG_CXX_LIBRARY = "libc++";
				CLANG_ENABLE_MODULES = YES;
				CLANG_ENABLE_OBJC_ARC = YES;
				CLANG_WARN_BOOL_CONVERSION = YES;
				CLANG_WARN_CONSTANT_CONVERSION = YES;
				CLANG_WARN_DIRECT_OBJC_ISA_USAGE = YES_ERROR;
				CLANG_WARN_EMPTY_BODY = YES;
				CLANG_WARN_ENUM_CONVERSION = YES;
				CLANG_WARN_INT_CONVERSION = YES;
				CLANG_WARN_OBJC_ROOT_CLASS = YES_ERROR;
				CLANG_WARN__DUPLICATE_METHOD_MATCH = YES;
				"CODE_SIGN_IDENTITY[sdk=iphoneos*]" = "iPhone Developer";
				COPY_PHASE_STRIP = YES;
				ENABLE_NS_ASSERTIONS = NO;
				GCC_C_LANGUAGE_STANDARD = gnu99;
				GCC_WARN_64_TO_32_BIT_CONVERSION = YES;
				GCC_WARN_ABOUT_RETURN_TYPE = YES_ERROR;
				GCC_WARN_UNDECLARED_SELECTOR = YES;
				GCC_WARN_UNINITIALIZED_AUTOS = YES_AGGRESSIVE;
				GCC_WARN_UNUSED_FUNCTION = YES;
				GCC_WARN_UNUSED_VARIABLE = YES;
				IPHONEOS_DEPLOYMENT_TARGET = 7.1;
				SDKROOT = iphoneos;
				VALIDATE_PRODUCT = YES;
			};
			name = Release;
		};
		35D5BB2E18D70C25006D55FA /* Debug */ = {
			isa = XCBuildConfiguration;
			buildSettings = {
				ASSETCATALOG_COMPILER_APPICON_NAME = AppIcon;
				ASSETCATALOG_COMPILER_LAUNCHIMAGE_NAME = LaunchImage;
				GCC_PRECOMPILE_PREFIX_HEADER = YES;
				GCC_PREFIX_HEADER = "ModelFetchResultsTest/ModelFetchResultsTest-Prefix.pch";
				INFOPLIST_FILE = "ModelFetchResultsTest/ModelFetchResultsTest-Info.plist";
				PRODUCT_NAME = "$(TARGET_NAME)";
				WRAPPER_EXTENSION = app;
			};
			name = Debug;
		};
		35D5BB2F18D70C25006D55FA /* Release */ = {
			isa = XCBuildConfiguration;
			buildSettings = {
				ASSETCATALOG_COMPILER_APPICON_NAME = AppIcon;
				ASSETCATALOG_COMPILER_LAUNCHIMAGE_NAME = LaunchImage;
				GCC_PRECOMPILE_PREFIX_HEADER = YES;
				GCC_PREFIX_HEADER = "ModelFetchResultsTest/ModelFetchResultsTest-Prefix.pch";
				INFOPLIST_FILE = "ModelFetchResultsTest/ModelFetchResultsTest-Info.plist";
				PRODUCT_NAME = "$(TARGET_NAME)";
				WRAPPER_EXTENSION = app;
			};
			name = Release;
		};
		35D5BB3118D70C25006D55FA /* Debug */ = {
			isa = XCBuildConfiguration;
			buildSettings = {
				BUNDLE_LOADER = "$(BUILT_PRODUCTS_DIR)/ModelFetchResultsTest.app/ModelFetchResultsTest";
				FRAMEWORK_SEARCH_PATHS = (
					"$(SDKROOT)/Developer/Library/Frameworks",
					"$(inherited)",
					"$(DEVELOPER_FRAMEWORKS_DIR)",
				);
				GCC_PRECOMPILE_PREFIX_HEADER = YES;
				GCC_PREFIX_HEADER = "ModelFetchResultsTest/ModelFetchResultsTest-Prefix.pch";
				GCC_PREPROCESSOR_DEFINITIONS = (
					"DEBUG=1",
					"$(inherited)",
				);
				INFOPLIST_FILE = "ModelFetchResultsTestTests/ModelFetchResultsTestTests-Info.plist";
				PRODUCT_NAME = "$(TARGET_NAME)";
				TEST_HOST = "$(BUNDLE_LOADER)";
				WRAPPER_EXTENSION = xctest;
			};
			name = Debug;
		};
		35D5BB3218D70C25006D55FA /* Release */ = {
			isa = XCBuildConfiguration;
			buildSettings = {
				BUNDLE_LOADER = "$(BUILT_PRODUCTS_DIR)/ModelFetchResultsTest.app/ModelFetchResultsTest";
				FRAMEWORK_SEARCH_PATHS = (
					"$(SDKROOT)/Developer/Library/Frameworks",
					"$(inherited)",
					"$(DEVELOPER_FRAMEWORKS_DIR)",
				);
				GCC_PRECOMPILE_PREFIX_HEADER = YES;
				GCC_PREFIX_HEADER = "ModelFetchResultsTest/ModelFetchResultsTest-Prefix.pch";
				INFOPLIST_FILE = "ModelFetchResultsTestTests/ModelFetchResultsTestTests-Info.plist";
				PRODUCT_NAME = "$(TARGET_NAME)";
				TEST_HOST = "$(BUNDLE_LOADER)";
				WRAPPER_EXTENSION = xctest;
			};
			name = Release;
		};
/* End XCBuildConfiguration section */

/* Begin XCConfigurationList section */
		35D5BAF618D70C24006D55FA /* Build configuration list for PBXProject "ModelFetchResultsTest" */ = {
			isa = XCConfigurationList;
			buildConfigurations = (
				35D5BB2B18D70C25006D55FA /* Debug */,
				35D5BB2C18D70C25006D55FA /* Release */,
			);
			defaultConfigurationIsVisible = 0;
			defaultConfigurationName = Release;
		};
		35D5BB2D18D70C25006D55FA /* Build configuration list for PBXNativeTarget "ModelFetchResultsTest" */ = {
			isa = XCConfigurationList;
			buildConfigurations = (
				35D5BB2E18D70C25006D55FA /* Debug */,
				35D5BB2F18D70C25006D55FA /* Release */,
			);
			defaultConfigurationIsVisible = 0;
			defaultConfigurationName = Release;
		};
		35D5BB3018D70C25006D55FA /* Build configuration list for PBXNativeTarget "ModelFetchResultsTestTests" */ = {
			isa = XCConfigurationList;
			buildConfigurations = (
				35D5BB3118D70C25006D55FA /* Debug */,
				35D5BB3218D70C25006D55FA /* Release */,
			);
			defaultConfigurationIsVisible = 0;
			defaultConfigurationName = Release;
		};
/* End XCConfigurationList section */
	};
	rootObject = 35D5BAF318D70C24006D55FA /* Project object */;
}
